
Microsoft Visual Studio Solution File, Format Version 12.00
# Visual Studio Version 17
VisualStudioVersion = 17.0.31717.71
MinimumVisualStudioVersion = 10.0.40219.1
Project("{FAE04EC0-301F-11D3-BF4B-00C04F79EFBC}") = "DuplicateFileCheckerWPF", "DuplicateFileCheckerWPF.csproj", "{EBA37933-BAD4-48E1-9EB5-ECB63821FF71}"
EndProject
Global
	GlobalSection(SolutionConfigurationPlatforms) = preSolution
		Debug|Any CPU = Debug|Any CPU
		Release|Any CPU = Release|Any CPU
	EndGlobalSection
	GlobalSection(ProjectConfigurationPlatforms) = postSolution
		{EBA37933-BAD4-48E1-9EB5-ECB63821FF71}.Debug|Any CPU.ActiveCfg = Debug|Any CPU
		{EBA37933-BAD4-48E1-9EB5-ECB63821FF71}.Debug|Any CPU.Build.0 = Debug|Any CPU
		{EBA37933-BAD4-48E1-9EB5-ECB63821FF71}.Release|Any CPU.ActiveCfg = Release|Any CPU
		{EBA37933-BAD4-48E1-9EB5-ECB63821FF71}.Release|Any CPU.Build.0 = Release|Any CPU
	EndGlobalSection
	GlobalSection(SolutionProperties) = preSolution
		HideSolutionNode = FALSE
	EndGlobalSection
	GlobalSection(ExtensibilityGlobals) = postSolution
		SolutionGuid = {CE780ACF-2625-4C30-80DB-5F11F41514DF}
	EndGlobalSection
EndGlobal
